{
  "name": "Cully",
  "lockfileVersion": 3,
  "requires": true,
  "packages": {
    "": {
      "dependencies": {
        "typescript-color-gradient": "^4.0.1"
      }
    },
    "node_modules/typescript-color-gradient": {
      "version": "4.0.1",
      "resolved": "https://registry.npmjs.org/typescript-color-gradient/-/typescript-color-gradient-4.0.1.tgz",
      "integrity": "sha512-7TECtE3bG3W3xFIkEssatbfIPCHf4yTn3Zoxv0v6HZ5FUcsHN0biN9AHfCplYCFDEnw9rIQR/68Xcvb7WAZaxQ==",
      "license": "MIT"
    }
  }
}
